// !$*UTF8*$!
{
	archiveVersion = 1;
	classes = {
	};
	objectVersion = 56;
	objects = {

/* Begin PBXBuildFile section */
		C14014672984529E00ECDDC2 /* RemindersStatisticsApp.swift in Sources */ = {isa = PBXBuildFile; fileRef = C14014662984529E00ECDDC2 /* RemindersStatisticsApp.swift */; };
		C14014692984529E00ECDDC2 /* ContentView.swift in Sources */ = {isa = PBXBuildFile; fileRef = C14014682984529E00ECDDC2 /* ContentView.swift */; };
		C140146B2984529F00ECDDC2 /* Assets.xcassets in Resources */ = {isa = PBXBuildFile; fileRef = C140146A2984529F00ECDDC2 /* Assets.xcassets */; };
		C140146E2984529F00ECDDC2 /* Preview Assets.xcassets in Resources */ = {isa = PBXBuildFile; fileRef = C140146D2984529F00ECDDC2 /* Preview Assets.xcassets */; };
		C14014762985B76400ECDDC2 /* TodayError.swift in Sources */ = {isa = PBXBuildFile; fileRef = C14014752985B76400ECDDC2 /* TodayError.swift */; };
		C14014782985B89B00ECDDC2 /* EKEventStore+AsyncFetch.swift in Sources */ = {isa = PBXBuildFile; fileRef = C14014772985B89B00ECDDC2 /* EKEventStore+AsyncFetch.swift */; };
		C140147A2985C46E00ECDDC2 /* Reminder+EKReminder.swift in Sources */ = {isa = PBXBuildFile; fileRef = C14014792985C46E00ECDDC2 /* Reminder+EKReminder.swift */; };
		C140147D2985C56D00ECDDC2 /* GeneralStatistics.swift in Sources */ = {isa = PBXBuildFile; fileRef = C140147C2985C56D00ECDDC2 /* GeneralStatistics.swift */; };
		C140147F2985C57D00ECDDC2 /* EspecificStatistics.swift in Sources */ = {isa = PBXBuildFile; fileRef = C140147E2985C57D00ECDDC2 /* EspecificStatistics.swift */; };
		C14014812985C98600ECDDC2 /* ReminderStore.swift in Sources */ = {isa = PBXBuildFile; fileRef = C14014802985C98600ECDDC2 /* ReminderStore.swift */; };
		C14014832985D12000ECDDC2 /* Reminder.swift in Sources */ = {isa = PBXBuildFile; fileRef = C14014822985D12000ECDDC2 /* Reminder.swift */; };
		C14014882985FC2200ECDDC2 /* Shift in Frameworks */ = {isa = PBXBuildFile; productRef = C14014872985FC2200ECDDC2 /* Shift */; };
		C166E7C129873FC400A44F83 /* EventKitManager.swift in Sources */ = {isa = PBXBuildFile; fileRef = C166E7C029873FC400A44F83 /* EventKitManager.swift */; };
/* End PBXBuildFile section */

/* Begin PBXFileReference section */
		C14014632984529E00ECDDC2 /* RemindersStatistics.app */ = {isa = PBXFileReference; explicitFileType = wrapper.application; includeInIndex = 0; path = RemindersStatistics.app; sourceTree = BUILT_PRODUCTS_DIR; };
		C14014662984529E00ECDDC2 /* RemindersStatisticsApp.swift */ = {isa = PBXFileReference; lastKnownFileType = sourcecode.swift; path = RemindersStatisticsApp.swift; sourceTree = "<group>"; };
		C14014682984529E00ECDDC2 /* ContentView.swift */ = {isa = PBXFileReference; lastKnownFileType = sourcecode.swift; path = ContentView.swift; sourceTree = "<group>"; };
		C140146A2984529F00ECDDC2 /* Assets.xcassets */ = {isa = PBXFileReference; lastKnownFileType = folder.assetcatalog; path = Assets.xcassets; sourceTree = "<group>"; };
		C140146D2984529F00ECDDC2 /* Preview Assets.xcassets */ = {isa = PBXFileReference; lastKnownFileType = folder.assetcatalog; path = "Preview Assets.xcassets"; sourceTree = "<group>"; };
		C14014752985B76400ECDDC2 /* TodayError.swift */ = {isa = PBXFileReference; lastKnownFileType = sourcecode.swift; path = TodayError.swift; sourceTree = "<group>"; };
		C14014772985B89B00ECDDC2 /* EKEventStore+AsyncFetch.swift */ = {isa = PBXFileReference; lastKnownFileType = sourcecode.swift; path = "EKEventStore+AsyncFetch.swift"; sourceTree = "<group>"; };
		C14014792985C46E00ECDDC2 /* Reminder+EKReminder.swift */ = {isa = PBXFileReference; lastKnownFileType = sourcecode.swift; path = "Reminder+EKReminder.swift"; sourceTree = "<group>"; };
		C140147C2985C56D00ECDDC2 /* GeneralStatistics.swift */ = {isa = PBXFileReference; lastKnownFileType = sourcecode.swift; path = GeneralStatistics.swift; sourceTree = "<group>"; };
		C140147E2985C57D00ECDDC2 /* EspecificStatistics.swift */ = {isa = PBXFileReference; lastKnownFileType = sourcecode.swift; path = EspecificStatistics.swift; sourceTree = "<group>"; };
		C14014802985C98600ECDDC2 /* ReminderStore.swift */ = {isa = PBXFileReference; lastKnownFileType = sourcecode.swift; path = ReminderStore.swift; sourceTree = "<group>"; };
		C14014822985D12000ECDDC2 /* Reminder.swift */ = {isa = PBXFileReference; lastKnownFileType = sourcecode.swift; path = Reminder.swift; sourceTree = "<group>"; };
		C166E7C029873FC400A44F83 /* EventKitManager.swift */ = {isa = PBXFileReference; lastKnownFileType = sourcecode.swift; path = EventKitManager.swift; sourceTree = "<group>"; };
/* End PBXFileReference section */

/* Begin PBXFrameworksBuildPhase section */
		C14014602984529E00ECDDC2 /* Frameworks */ = {
			isa = PBXFrameworksBuildPhase;
			buildActionMask = 2147483647;
			files = (
				C14014882985FC2200ECDDC2 /* Shift in Frameworks */,
			);
			runOnlyForDeploymentPostprocessing = 0;
		};
/* End PBXFrameworksBuildPhase section */

/* Begin PBXGroup section */
		C140145A2984529E00ECDDC2 = {
			isa = PBXGroup;
			children = (
				C14014652984529E00ECDDC2 /* RemindersStatistics */,
				C14014642984529E00ECDDC2 /* Products */,
			);
			sourceTree = "<group>";
		};
		C14014642984529E00ECDDC2 /* Products */ = {
			isa = PBXGroup;
			children = (
				C14014632984529E00ECDDC2 /* RemindersStatistics.app */,
			);
			name = Products;
			sourceTree = "<group>";
		};
		C14014652984529E00ECDDC2 /* RemindersStatistics */ = {
			isa = PBXGroup;
			children = (
				C14014662984529E00ECDDC2 /* RemindersStatisticsApp.swift */,
				C14014682984529E00ECDDC2 /* ContentView.swift */,
				C140147B2985C54800ECDDC2 /* Views */,
				C14014742985B72600ECDDC2 /* Models */,
				C140146A2984529F00ECDDC2 /* Assets.xcassets */,
				C140146C2984529F00ECDDC2 /* Preview Content */,
			);
			path = RemindersStatistics;
			sourceTree = "<group>";
		};
		C140146C2984529F00ECDDC2 /* Preview Content */ = {
			isa = PBXGroup;
			children = (
				C140146D2984529F00ECDDC2 /* Preview Assets.xcassets */,
			);
			path = "Preview Content";
			sourceTree = "<group>";
		};
		C14014742985B72600ECDDC2 /* Models */ = {
			isa = PBXGroup;
			children = (
				C14014752985B76400ECDDC2 /* TodayError.swift */,
				C14014772985B89B00ECDDC2 /* EKEventStore+AsyncFetch.swift */,
				C14014792985C46E00ECDDC2 /* Reminder+EKReminder.swift */,
				C14014802985C98600ECDDC2 /* ReminderStore.swift */,
				C14014822985D12000ECDDC2 /* Reminder.swift */,
				C166E7C029873FC400A44F83 /* EventKitManager.swift */,
			);
			path = Models;
			sourceTree = "<group>";
		};
		C140147B2985C54800ECDDC2 /* Views */ = {
			isa = PBXGroup;
			children = (
				C140147C2985C56D00ECDDC2 /* GeneralStatistics.swift */,
				C140147E2985C57D00ECDDC2 /* EspecificStatistics.swift */,
			);
			path = Views;
			sourceTree = "<group>";
		};
/* End PBXGroup section */

/* Begin PBXNativeTarget section */
		C14014622984529E00ECDDC2 /* RemindersStatistics */ = {
			isa = PBXNativeTarget;
			buildConfigurationList = C14014712984529F00ECDDC2 /* Build configuration list for PBXNativeTarget "RemindersStatistics" */;
			buildPhases = (
				C140145F2984529E00ECDDC2 /* Sources */,
				C14014602984529E00ECDDC2 /* Frameworks */,
				C14014612984529E00ECDDC2 /* Resources */,
			);
			buildRules = (
			);
			dependencies = (
			);
			name = RemindersStatistics;
			packageProductDependencies = (
				C14014872985FC2200ECDDC2 /* Shift */,
			);
			productName = RemindersStatistics;
			productReference = C14014632984529E00ECDDC2 /* RemindersStatistics.app */;
			productType = "com.apple.product-type.application";
		};
/* End PBXNativeTarget section */

/* Begin PBXProject section */
		C140145B2984529E00ECDDC2 /* Project object */ = {
			isa = PBXProject;
			attributes = {
				BuildIndependentTargetsInParallel = 1;
				LastSwiftUpdateCheck = 1420;
				LastUpgradeCheck = 1420;
				TargetAttributes = {
					C14014622984529E00ECDDC2 = {
						CreatedOnToolsVersion = 14.2;
					};
				};
			};
			buildConfigurationList = C140145E2984529E00ECDDC2 /* Build configuration list for PBXProject "RemindersStatistics" */;
			compatibilityVersion = "Xcode 14.0";
			developmentRegion = en;
			hasScannedForEncodings = 0;
			knownRegions = (
				en,
				Base,
			);
			mainGroup = C140145A2984529E00ECDDC2;
			packageReferences = (
				C14014862985FC2200ECDDC2 /* XCRemoteSwiftPackageReference "Shift" */,
			);
			productRefGroup = C14014642984529E00ECDDC2 /* Products */;
			projectDirPath = "";
			projectRoot = "";
			targets = (
				C14014622984529E00ECDDC2 /* RemindersStatistics */,
			);
		};
/* End PBXProject section */

/* Begin PBXResourcesBuildPhase section */
		C14014612984529E00ECDDC2 /* Resources */ = {
			isa = PBXResourcesBuildPhase;
			buildActionMask = 2147483647;
			files = (
				C140146E2984529F00ECDDC2 /* Preview Assets.xcassets in Resources */,
				C140146B2984529F00ECDDC2 /* Assets.xcassets in Resources */,
			);
			runOnlyForDeploymentPostprocessing = 0;
		};
/* End PBXResourcesBuildPhase section */

/* Begin PBXSourcesBuildPhase section */
		C140145F2984529E00ECDDC2 /* Sources */ = {
			isa = PBXSourcesBuildPhase;
			buildActionMask = 2147483647;
			files = (
				C14014762985B76400ECDDC2 /* TodayError.swift in Sources */,
				C14014812985C98600ECDDC2 /* ReminderStore.swift in Sources */,
				C140147D2985C56D00ECDDC2 /* GeneralStatistics.swift in Sources */,
				C14014692984529E00ECDDC2 /* ContentView.swift in Sources */,
				C140147A2985C46E00ECDDC2 /* Reminder+EKReminder.swift in Sources */,
				C14014782985B89B00ECDDC2 /* EKEventStore+AsyncFetch.swift in Sources */,
				C14014832985D12000ECDDC2 /* Reminder.swift in Sources */,
				C166E7C129873FC400A44F83 /* EventKitManager.swift in Sources */,
				C140147F2985C57D00ECDDC2 /* EspecificStatistics.swift in Sources */,
				C14014672984529E00ECDDC2 /* RemindersStatisticsApp.swift in Sources */,
			);
			runOnlyForDeploymentPostprocessing = 0;
		};
/* End PBXSourcesBuildPhase section */

/* Begin XCBuildConfiguration section */
		C140146F2984529F00ECDDC2 /* Debug */ = {
			isa = XCBuildConfiguration;
			buildSettings = {
				ALWAYS_SEARCH_USER_PATHS = NO;
				CLANG_ANALYZER_NONNULL = YES;
				CLANG_ANALYZER_NUMBER_OBJECT_CONVERSION = YES_AGGRESSIVE;
				CLANG_CXX_LANGUAGE_STANDARD = "gnu++20";
				CLANG_ENABLE_MODULES = YES;
				CLANG_ENABLE_OBJC_ARC = YES;
				CLANG_ENABLE_OBJC_WEAK = YES;
				CLANG_WARN_BLOCK_CAPTURE_AUTORELEASING = YES;
				CLANG_WARN_BOOL_CONVERSION = YES;
				CLANG_WARN_COMMA = YES;
				CLANG_WARN_CONSTANT_CONVERSION = YES;
				CLANG_WARN_DEPRECATED_OBJC_IMPLEMENTATIONS = YES;
				CLANG_WARN_DIRECT_OBJC_ISA_USAGE = YES_ERROR;
				CLANG_WARN_DOCUMENTATION_COMMENTS = YES;
				CLANG_WARN_EMPTY_BODY = YES;
				CLANG_WARN_ENUM_CONVERSION = YES;
				CLANG_WARN_INFINITE_RECURSION = YES;
				CLANG_WARN_INT_CONVERSION = YES;
				CLANG_WARN_NON_LITERAL_NULL_CONVERSION = YES;
				CLANG_WARN_OBJC_IMPLICIT_RETAIN_SELF = YES;
				CLANG_WARN_OBJC_LITERAL_CONVERSION = YES;
				CLANG_WARN_OBJC_ROOT_CLASS = YES_ERROR;
				CLANG_WARN_QUOTED_INCLUDE_IN_FRAMEWORK_HEADER = YES;
				CLANG_WARN_RANGE_LOOP_ANALYSIS = YES;
				CLANG_WARN_STRICT_PROTOTYPES = YES;
				CLANG_WARN_SUSPICIOUS_MOVE = YES;
				CLANG_WARN_UNGUARDED_AVAILABILITY = YES_AGGRESSIVE;
				CLANG_WARN_UNREACHABLE_CODE = YES;
				CLANG_WARN__DUPLICATE_METHOD_MATCH = YES;
				COPY_PHASE_STRIP = NO;
				DEBUG_INFORMATION_FORMAT = dwarf;
				ENABLE_STRICT_OBJC_MSGSEND = YES;
				ENABLE_TESTABILITY = YES;
				GCC_C_LANGUAGE_STANDARD = gnu11;
				GCC_DYNAMIC_NO_PIC = NO;
				GCC_NO_COMMON_BLOCKS = YES;
				GCC_OPTIMIZATION_LEVEL = 0;
				GCC_PREPROCESSOR_DEFINITIONS = (
					"DEBUG=1",
					"$(inherited)",
				);
				GCC_WARN_64_TO_32_BIT_CONVERSION = YES;
				GCC_WARN_ABOUT_RETURN_TYPE = YES_ERROR;
				GCC_WARN_UNDECLARED_SELECTOR = YES;
				GCC_WARN_UNINITIALIZED_AUTOS = YES_AGGRESSIVE;
				GCC_WARN_UNUSED_FUNCTION = YES;
				GCC_WARN_UNUSED_VARIABLE = YES;
				IPHONEOS_DEPLOYMENT_TARGET = 16.2;
				MTL_ENABLE_DEBUG_INFO = INCLUDE_SOURCE;
				MTL_FAST_MATH = YES;
				ONLY_ACTIVE_ARCH = YES;
				SDKROOT = iphoneos;
				SWIFT_ACTIVE_COMPILATION_CONDITIONS = DEBUG;
				SWIFT_OPTIMIZATION_LEVEL = "-Onone";
			};
			name = Debug;
		};
		C14014702984529F00ECDDC2 /* Release */ = {
			isa = XCBuildConfiguration;
			buildSettings = {
				ALWAYS_SEARCH_USER_PATHS = NO;
				CLANG_ANALYZER_NONNULL = YES;
				CLANG_ANALYZER_NUMBER_OBJECT_CONVERSION = YES_AGGRESSIVE;
				CLANG_CXX_LANGUAGE_STANDARD = "gnu++20";
				CLANG_ENABLE_MODULES = YES;
				CLANG_ENABLE_OBJC_ARC = YES;
				CLANG_ENABLE_OBJC_WEAK = YES;
				CLANG_WARN_BLOCK_CAPTURE_AUTORELEASING = YES;
				CLANG_WARN_BOOL_CONVERSION = YES;
				CLANG_WARN_COMMA = YES;
				CLANG_WARN_CONSTANT_CONVERSION = YES;
				CLANG_WARN_DEPRECATED_OBJC_IMPLEMENTATIONS = YES;
				CLANG_WARN_DIRECT_OBJC_ISA_USAGE = YES_ERROR;
				CLANG_WARN_DOCUMENTATION_COMMENTS = YES;
				CLANG_WARN_EMPTY_BODY = YES;
				CLANG_WARN_ENUM_CONVERSION = YES;
				CLANG_WARN_INFINITE_RECURSION = YES;
				CLANG_WARN_INT_CONVERSION = YES;
				CLANG_WARN_NON_LITERAL_NULL_CONVERSION = YES;
				CLANG_WARN_OBJC_IMPLICIT_RETAIN_SELF = YES;
				CLANG_WARN_OBJC_LITERAL_CONVERSION = YES;
				CLANG_WARN_OBJC_ROOT_CLASS = YES_ERROR;
				CLANG_WARN_QUOTED_INCLUDE_IN_FRAMEWORK_HEADER = YES;
				CLANG_WARN_RANGE_LOOP_ANALYSIS = YES;
				CLANG_WARN_STRICT_PROTOTYPES = YES;
				CLANG_WARN_SUSPICIOUS_MOVE = YES;
				CLANG_WARN_UNGUARDED_AVAILABILITY = YES_AGGRESSIVE;
				CLANG_WARN_UNREACHABLE_CODE = YES;
				CLANG_WARN__DUPLICATE_METHOD_MATCH = YES;
				COPY_PHASE_STRIP = NO;
				DEBUG_INFORMATION_FORMAT = "dwarf-with-dsym";
				ENABLE_NS_ASSERTIONS = NO;
				ENABLE_STRICT_OBJC_MSGSEND = YES;
				GCC_C_LANGUAGE_STANDARD = gnu11;
				GCC_NO_COMMON_BLOCKS = YES;
				GCC_WARN_64_TO_32_BIT_CONVERSION = YES;
				GCC_WARN_ABOUT_RETURN_TYPE = YES_ERROR;
				GCC_WARN_UNDECLARED_SELECTOR = YES;
				GCC_WARN_UNINITIALIZED_AUTOS = YES_AGGRESSIVE;
				GCC_WARN_UNUSED_FUNCTION = YES;
				GCC_WARN_UNUSED_VARIABLE = YES;
				IPHONEOS_DEPLOYMENT_TARGET = 16.2;
				MTL_ENABLE_DEBUG_INFO = NO;
				MTL_FAST_MATH = YES;
				SDKROOT = iphoneos;
				SWIFT_COMPILATION_MODE = wholemodule;
				SWIFT_OPTIMIZATION_LEVEL = "-O";
				VALIDATE_PRODUCT = YES;
			};
			name = Release;
		};
		C14014722984529F00ECDDC2 /* Debug */ = {
			isa = XCBuildConfiguration;
			buildSettings = {
				ASSETCATALOG_COMPILER_APPICON_NAME = AppIcon;
				ASSETCATALOG_COMPILER_GLOBAL_ACCENT_COLOR_NAME = AccentColor;
				CODE_SIGN_STYLE = Automatic;
				CURRENT_PROJECT_VERSION = 1;
				DEVELOPMENT_ASSET_PATHS = "\"RemindersStatistics/Preview Content\"";
				DEVELOPMENT_TEAM = J385NJ2F59;
				ENABLE_PREVIEWS = YES;
				GENERATE_INFOPLIST_FILE = YES;
				INFOPLIST_KEY_NSCalendarsUsageDescription = "Uso de dados para cálculo de estatísticas relativas aos lembretes";
				INFOPLIST_KEY_NSRemindersUsageDescription = "Uso de dados para cálculo de estatísticas";
				INFOPLIST_KEY_UIApplicationSceneManifest_Generation = YES;
				INFOPLIST_KEY_UIApplicationSupportsIndirectInputEvents = YES;
				INFOPLIST_KEY_UILaunchScreen_Generation = YES;
				INFOPLIST_KEY_UISupportedInterfaceOrientations_iPad = "UIInterfaceOrientationPortrait UIInterfaceOrientationPortraitUpsideDown UIInterfaceOrientationLandscapeLeft UIInterfaceOrientationLandscapeRight";
				INFOPLIST_KEY_UISupportedInterfaceOrientations_iPhone = "UIInterfaceOrientationPortrait UIInterfaceOrientationLandscapeLeft UIInterfaceOrientationLandscapeRight";
				LD_RUNPATH_SEARCH_PATHS = (
					"$(inherited)",
					"@executable_path/Frameworks",
				);
				MARKETING_VERSION = 1.0;
				PRODUCT_BUNDLE_IDENTIFIER = leaodebrito.RemindersStatistics;
				PRODUCT_NAME = "$(TARGET_NAME)";
				SWIFT_EMIT_LOC_STRINGS = YES;
				SWIFT_VERSION = 5.0;
				TARGETED_DEVICE_FAMILY = "1,2";
			};
			name = Debug;
		};
		C14014732984529F00ECDDC2 /* Release */ = {
			isa = XCBuildConfiguration;
			buildSettings = {
				ASSETCATALOG_COMPILER_APPICON_NAME = AppIcon;
				ASSETCATALOG_COMPILER_GLOBAL_ACCENT_COLOR_NAME = AccentColor;
				CODE_SIGN_STYLE = Automatic;
				CURRENT_PROJECT_VERSION = 1;
				DEVELOPMENT_ASSET_PATHS = "\"RemindersStatistics/Preview Content\"";
				DEVELOPMENT_TEAM = J385NJ2F59;
				ENABLE_PREVIEWS = YES;
				GENERATE_INFOPLIST_FILE = YES;
				INFOPLIST_KEY_NSCalendarsUsageDescription = "Uso de dados para cálculo de estatísticas relativas aos lembretes";
				INFOPLIST_KEY_NSRemindersUsageDescription = "Uso de dados para cálculo de estatísticas";
				INFOPLIST_KEY_UIApplicationSceneManifest_Generation = YES;
				INFOPLIST_KEY_UIApplicationSupportsIndirectInputEvents = YES;
				INFOPLIST_KEY_UILaunchScreen_Generation = YES;
				INFOPLIST_KEY_UISupportedInterfaceOrientations_iPad = "UIInterfaceOrientationPortrait UIInterfaceOrientationPortraitUpsideDown UIInterfaceOrientationLandscapeLeft UIInterfaceOrientationLandscapeRight";
				INFOPLIST_KEY_UISupportedInterfaceOrientations_iPhone = "UIInterfaceOrientationPortrait UIInterfaceOrientationLandscapeLeft UIInterfaceOrientationLandscapeRight";
				LD_RUNPATH_SEARCH_PATHS = (
					"$(inherited)",
					"@executable_path/Frameworks",
				);
				MARKETING_VERSION = 1.0;
				PRODUCT_BUNDLE_IDENTIFIER = leaodebrito.RemindersStatistics;
				PRODUCT_NAME = "$(TARGET_NAME)";
				SWIFT_EMIT_LOC_STRINGS = YES;
				SWIFT_VERSION = 5.0;
				TARGETED_DEVICE_FAMILY = "1,2";
			};
			name = Release;
		};
/* End XCBuildConfiguration section */

/* Begin XCConfigurationList section */
		C140145E2984529E00ECDDC2 /* Build configuration list for PBXProject "RemindersStatistics" */ = {
			isa = XCConfigurationList;
			buildConfigurations = (
				C140146F2984529F00ECDDC2 /* Debug */,
				C14014702984529F00ECDDC2 /* Release */,
			);
			defaultConfigurationIsVisible = 0;
			defaultConfigurationName = Release;
		};
		C14014712984529F00ECDDC2 /* Build configuration list for PBXNativeTarget "RemindersStatistics" */ = {
			isa = XCConfigurationList;
			buildConfigurations = (
				C14014722984529F00ECDDC2 /* Debug */,
				C14014732984529F00ECDDC2 /* Release */,
			);
			defaultConfigurationIsVisible = 0;
			defaultConfigurationName = Release;
		};
/* End XCConfigurationList section */

/* Begin XCRemoteSwiftPackageReference section */
		C14014862985FC2200ECDDC2 /* XCRemoteSwiftPackageReference "Shift" */ = {
			isa = XCRemoteSwiftPackageReference;
			repositoryURL = "https://github.com/vinhnx/Shift";
			requirement = {
				kind = upToNextMajorVersion;
				minimumVersion = 0.9.0;
			};
		};
/* End XCRemoteSwiftPackageReference section */

/* Begin XCSwiftPackageProductDependency section */
		C14014872985FC2200ECDDC2 /* Shift */ = {
			isa = XCSwiftPackageProductDependency;
			package = C14014862985FC2200ECDDC2 /* XCRemoteSwiftPackageReference "Shift" */;
			productName = Shift;
		};
/* End XCSwiftPackageProductDependency section */
	};
	rootObject = C140145B2984529E00ECDDC2 /* Project object */;
}
