// !$*UTF8*$!
{
	archiveVersion = 1;
	classes = {
	};
	objectVersion = 56;
	objects = {

/* Begin PBXBuildFile section */
		C14014672984529E00ECDDC2 /* RemindersStatisticsApp.swift in Sources */ = {isa = PBXBuildFile; fileRef = C14014662984529E00ECDDC2 /* RemindersStatisticsApp.swift */; };
		C14014692984529E00ECDDC2 /* ContentView.swift in Sources */ = {isa = PBXBuildFile; fileRef = C14014682984529E00ECDDC2 /* ContentView.swift */; };
		C140146B2984529F00ECDDC2 /* Assets.xcassets in Resources */ = {isa = PBXBuildFile; fileRef = C140146A2984529F00ECDDC2 /* Assets.xcassets */; };
		C140146E2984529F00ECDDC2 /* Preview Assets.xcassets in Resources */ = {isa = PBXBuildFile; fileRef = C140146D2984529F00ECDDC2 /* Preview Assets.xcassets */; };
		C140147D2985C56D00ECDDC2 /* GeneralStatistics.swift in Sources */ = {isa = PBXBuildFile; fileRef = C140147C2985C56D00ECDDC2 /* GeneralStatistics.swift */; };
		C140147F2985C57D00ECDDC2 /* EspecificStatistics.swift in Sources */ = {isa = PBXBuildFile; fileRef = C140147E2985C57D00ECDDC2 /* EspecificStatistics.swift */; };
		C14014882985FC2200ECDDC2 /* Shift in Frameworks */ = {isa = PBXBuildFile; productRef = C14014872985FC2200ECDDC2 /* Shift */; };
		C15395B12988483A00B85532 /* ActGroup.swift in Sources */ = {isa = PBXBuildFile; fileRef = C15395B02988483A00B85532 /* ActGroup.swift */; };
		C15395B429884CA500B85532 /* NewReminder.swift in Sources */ = {isa = PBXBuildFile; fileRef = C15395B329884CA500B85532 /* NewReminder.swift */; };
		C15395B629884EAD00B85532 /* NewProject.swift in Sources */ = {isa = PBXBuildFile; fileRef = C15395B529884EAD00B85532 /* NewProject.swift */; };
		C17AB1372989C40300C126F9 /* MyTextFieldStyle.swift in Sources */ = {isa = PBXBuildFile; fileRef = C17AB1362989C40300C126F9 /* MyTextFieldStyle.swift */; };
		C17AB1392989D26200C126F9 /* ProjectSelection.swift in Sources */ = {isa = PBXBuildFile; fileRef = C17AB1382989D26200C126F9 /* ProjectSelection.swift */; };
		C17AB13C2989D49800C126F9 /* Colors.swift in Sources */ = {isa = PBXBuildFile; fileRef = C17AB13B2989D49800C126F9 /* Colors.swift */; };
		C17AB13E2989DB1C00C126F9 /* ListOfAllProjects.swift in Sources */ = {isa = PBXBuildFile; fileRef = C17AB13D2989DB1C00C126F9 /* ListOfAllProjects.swift */; };
		C1C3A84329883273006C4D19 /* Reminders.xcdatamodeld in Sources */ = {isa = PBXBuildFile; fileRef = C1C3A84129883273006C4D19 /* Reminders.xcdatamodeld */; };
		C1C3A845298833B3006C4D19 /* dataController.swift in Sources */ = {isa = PBXBuildFile; fileRef = C1C3A844298833B3006C4D19 /* dataController.swift */; };
		C1C3A84729883688006C4D19 /* ProjectList.swift in Sources */ = {isa = PBXBuildFile; fileRef = C1C3A84629883688006C4D19 /* ProjectList.swift */; };
		C1C3A84A29883A63006C4D19 /* ListCard.swift in Sources */ = {isa = PBXBuildFile; fileRef = C1C3A84929883A63006C4D19 /* ListCard.swift */; };
		C1DEFF48298AC1BB007F1E8B /* ReminderStruct.swift in Sources */ = {isa = PBXBuildFile; fileRef = C1DEFF47298AC1BB007F1E8B /* ReminderStruct.swift */; };
		C1DEFF4A298AC7FE007F1E8B /* AllRemindersList.swift in Sources */ = {isa = PBXBuildFile; fileRef = C1DEFF49298AC7FE007F1E8B /* AllRemindersList.swift */; };
		C1DEFF4C298AC873007F1E8B /* ReminderDetail.swift in Sources */ = {isa = PBXBuildFile; fileRef = C1DEFF4B298AC873007F1E8B /* ReminderDetail.swift */; };
		C1DEFF4E298AD069007F1E8B /* ActGroupHorizontal.swift in Sources */ = {isa = PBXBuildFile; fileRef = C1DEFF4D298AD069007F1E8B /* ActGroupHorizontal.swift */; };
		C1DEFF50298AD726007F1E8B /* RemindersCalculation.swift in Sources */ = {isa = PBXBuildFile; fileRef = C1DEFF4F298AD726007F1E8B /* RemindersCalculation.swift */; };
/* End PBXBuildFile section */

/* Begin PBXFileReference section */
		C14014632984529E00ECDDC2 /* RemindersStatistics.app */ = {isa = PBXFileReference; explicitFileType = wrapper.application; includeInIndex = 0; path = RemindersStatistics.app; sourceTree = BUILT_PRODUCTS_DIR; };
		C14014662984529E00ECDDC2 /* RemindersStatisticsApp.swift */ = {isa = PBXFileReference; lastKnownFileType = sourcecode.swift; path = RemindersStatisticsApp.swift; sourceTree = "<group>"; };
		C14014682984529E00ECDDC2 /* ContentView.swift */ = {isa = PBXFileReference; lastKnownFileType = sourcecode.swift; path = ContentView.swift; sourceTree = "<group>"; };
		C140146A2984529F00ECDDC2 /* Assets.xcassets */ = {isa = PBXFileReference; lastKnownFileType = folder.assetcatalog; path = Assets.xcassets; sourceTree = "<group>"; };
		C140146D2984529F00ECDDC2 /* Preview Assets.xcassets */ = {isa = PBXFileReference; lastKnownFileType = folder.assetcatalog; path = "Preview Assets.xcassets"; sourceTree = "<group>"; };
		C140147C2985C56D00ECDDC2 /* GeneralStatistics.swift */ = {isa = PBXFileReference; lastKnownFileType = sourcecode.swift; path = GeneralStatistics.swift; sourceTree = "<group>"; };
		C140147E2985C57D00ECDDC2 /* EspecificStatistics.swift */ = {isa = PBXFileReference; lastKnownFileType = sourcecode.swift; path = EspecificStatistics.swift; sourceTree = "<group>"; };
		C15395B02988483A00B85532 /* ActGroup.swift */ = {isa = PBXFileReference; lastKnownFileType = sourcecode.swift; path = ActGroup.swift; sourceTree = "<group>"; };
		C15395B329884CA500B85532 /* NewReminder.swift */ = {isa = PBXFileReference; lastKnownFileType = sourcecode.swift; path = NewReminder.swift; sourceTree = "<group>"; };
		C15395B529884EAD00B85532 /* NewProject.swift */ = {isa = PBXFileReference; lastKnownFileType = sourcecode.swift; path = NewProject.swift; sourceTree = "<group>"; };
		C17AB13429898F6D00C126F9 /* Info.plist */ = {isa = PBXFileReference; lastKnownFileType = text.plist; path = Info.plist; sourceTree = "<group>"; };
		C17AB1362989C40300C126F9 /* MyTextFieldStyle.swift */ = {isa = PBXFileReference; lastKnownFileType = sourcecode.swift; path = MyTextFieldStyle.swift; sourceTree = "<group>"; };
		C17AB1382989D26200C126F9 /* ProjectSelection.swift */ = {isa = PBXFileReference; lastKnownFileType = sourcecode.swift; path = ProjectSelection.swift; sourceTree = "<group>"; };
		C17AB13B2989D49800C126F9 /* Colors.swift */ = {isa = PBXFileReference; lastKnownFileType = sourcecode.swift; path = Colors.swift; sourceTree = "<group>"; };
		C17AB13D2989DB1C00C126F9 /* ListOfAllProjects.swift */ = {isa = PBXFileReference; lastKnownFileType = sourcecode.swift; path = ListOfAllProjects.swift; sourceTree = "<group>"; };
		C1C3A84229883273006C4D19 /* Reminders.xcdatamodel */ = {isa = PBXFileReference; lastKnownFileType = wrapper.xcdatamodel; path = Reminders.xcdatamodel; sourceTree = "<group>"; };
		C1C3A844298833B3006C4D19 /* dataController.swift */ = {isa = PBXFileReference; lastKnownFileType = sourcecode.swift; path = dataController.swift; sourceTree = "<group>"; };
		C1C3A84629883688006C4D19 /* ProjectList.swift */ = {isa = PBXFileReference; lastKnownFileType = sourcecode.swift; path = ProjectList.swift; sourceTree = "<group>"; };
		C1C3A84929883A63006C4D19 /* ListCard.swift */ = {isa = PBXFileReference; lastKnownFileType = sourcecode.swift; path = ListCard.swift; sourceTree = "<group>"; };
		C1DEFF47298AC1BB007F1E8B /* ReminderStruct.swift */ = {isa = PBXFileReference; lastKnownFileType = sourcecode.swift; path = ReminderStruct.swift; sourceTree = "<group>"; };
		C1DEFF49298AC7FE007F1E8B /* AllRemindersList.swift */ = {isa = PBXFileReference; lastKnownFileType = sourcecode.swift; path = AllRemindersList.swift; sourceTree = "<group>"; };
		C1DEFF4B298AC873007F1E8B /* ReminderDetail.swift */ = {isa = PBXFileReference; lastKnownFileType = sourcecode.swift; path = ReminderDetail.swift; sourceTree = "<group>"; };
		C1DEFF4D298AD069007F1E8B /* ActGroupHorizontal.swift */ = {isa = PBXFileReference; lastKnownFileType = sourcecode.swift; path = ActGroupHorizontal.swift; sourceTree = "<group>"; };
		C1DEFF4F298AD726007F1E8B /* RemindersCalculation.swift */ = {isa = PBXFileReference; lastKnownFileType = sourcecode.swift; path = RemindersCalculation.swift; sourceTree = "<group>"; };
/* End PBXFileReference section */

/* Begin PBXFrameworksBuildPhase section */
		C14014602984529E00ECDDC2 /* Frameworks */ = {
			isa = PBXFrameworksBuildPhase;
			buildActionMask = 2147483647;
			files = (
				C14014882985FC2200ECDDC2 /* Shift in Frameworks */,
			);
			runOnlyForDeploymentPostprocessing = 0;
		};
/* End PBXFrameworksBuildPhase section */

/* Begin PBXGroup section */
		C140145A2984529E00ECDDC2 = {
			isa = PBXGroup;
			children = (
				C14014652984529E00ECDDC2 /* RemindersStatistics */,
				C14014642984529E00ECDDC2 /* Products */,
			);
			sourceTree = "<group>";
		};
		C14014642984529E00ECDDC2 /* Products */ = {
			isa = PBXGroup;
			children = (
				C14014632984529E00ECDDC2 /* RemindersStatistics.app */,
			);
			name = Products;
			sourceTree = "<group>";
		};
		C14014652984529E00ECDDC2 /* RemindersStatistics */ = {
			isa = PBXGroup;
			children = (
				C17AB13429898F6D00C126F9 /* Info.plist */,
				C14014662984529E00ECDDC2 /* RemindersStatisticsApp.swift */,
				C14014682984529E00ECDDC2 /* ContentView.swift */,
				C140147B2985C54800ECDDC2 /* Views */,
				C1DEFF46298AC146007F1E8B /* Model */,
				C1C3A848298839FE006C4D19 /* InterfaceElements */,
				C17AB13A2989D47C00C126F9 /* Helper */,
				C140146A2984529F00ECDDC2 /* Assets.xcassets */,
				C140146C2984529F00ECDDC2 /* Preview Content */,
				C1C3A84129883273006C4D19 /* Reminders.xcdatamodeld */,
				C1C3A844298833B3006C4D19 /* dataController.swift */,
			);
			path = RemindersStatistics;
			sourceTree = "<group>";
		};
		C140146C2984529F00ECDDC2 /* Preview Content */ = {
			isa = PBXGroup;
			children = (
				C140146D2984529F00ECDDC2 /* Preview Assets.xcassets */,
			);
			path = "Preview Content";
			sourceTree = "<group>";
		};
		C140147B2985C54800ECDDC2 /* Views */ = {
			isa = PBXGroup;
			children = (
				C1C3A84629883688006C4D19 /* ProjectList.swift */,
				C140147C2985C56D00ECDDC2 /* GeneralStatistics.swift */,
				C140147E2985C57D00ECDDC2 /* EspecificStatistics.swift */,
				C1DEFF49298AC7FE007F1E8B /* AllRemindersList.swift */,
				C15395B229884C8F00B85532 /* SubViews */,
			);
			path = Views;
			sourceTree = "<group>";
		};
		C15395B229884C8F00B85532 /* SubViews */ = {
			isa = PBXGroup;
			children = (
				C15395B329884CA500B85532 /* NewReminder.swift */,
				C15395B529884EAD00B85532 /* NewProject.swift */,
				C17AB13D2989DB1C00C126F9 /* ListOfAllProjects.swift */,
				C1DEFF4B298AC873007F1E8B /* ReminderDetail.swift */,
			);
			path = SubViews;
			sourceTree = "<group>";
		};
		C17AB13A2989D47C00C126F9 /* Helper */ = {
			isa = PBXGroup;
			children = (
				C17AB13B2989D49800C126F9 /* Colors.swift */,
			);
			path = Helper;
			sourceTree = "<group>";
		};
		C1C3A848298839FE006C4D19 /* InterfaceElements */ = {
			isa = PBXGroup;
			children = (
				C1C3A84929883A63006C4D19 /* ListCard.swift */,
				C15395B02988483A00B85532 /* ActGroup.swift */,
				C17AB1362989C40300C126F9 /* MyTextFieldStyle.swift */,
				C17AB1382989D26200C126F9 /* ProjectSelection.swift */,
				C1DEFF4D298AD069007F1E8B /* ActGroupHorizontal.swift */,
			);
			path = InterfaceElements;
			sourceTree = "<group>";
		};
		C1DEFF46298AC146007F1E8B /* Model */ = {
			isa = PBXGroup;
			children = (
				C1DEFF47298AC1BB007F1E8B /* ReminderStruct.swift */,
				C1DEFF4F298AD726007F1E8B /* RemindersCalculation.swift */,
			);
			path = Model;
			sourceTree = "<group>";
		};
/* End PBXGroup section */

/* Begin PBXNativeTarget section */
		C14014622984529E00ECDDC2 /* RemindersStatistics */ = {
			isa = PBXNativeTarget;
			buildConfigurationList = C14014712984529F00ECDDC2 /* Build configuration list for PBXNativeTarget "RemindersStatistics" */;
			buildPhases = (
				C140145F2984529E00ECDDC2 /* Sources */,
				C14014602984529E00ECDDC2 /* Frameworks */,
				C14014612984529E00ECDDC2 /* Resources */,
			);
			buildRules = (
			);
			dependencies = (
			);
			name = RemindersStatistics;
			packageProductDependencies = (
				C14014872985FC2200ECDDC2 /* Shift */,
			);
			productName = RemindersStatistics;
			productReference = C14014632984529E00ECDDC2 /* RemindersStatistics.app */;
			productType = "com.apple.product-type.application";
		};
/* End PBXNativeTarget section */

/* Begin PBXProject section */
		C140145B2984529E00ECDDC2 /* Project object */ = {
			isa = PBXProject;
			attributes = {
				BuildIndependentTargetsInParallel = 1;
				LastSwiftUpdateCheck = 1420;
				LastUpgradeCheck = 1420;
				TargetAttributes = {
					C14014622984529E00ECDDC2 = {
						CreatedOnToolsVersion = 14.2;
					};
				};
			};
			buildConfigurationList = C140145E2984529E00ECDDC2 /* Build configuration list for PBXProject "RemindersStatistics" */;
			compatibilityVersion = "Xcode 14.0";
			developmentRegion = en;
			hasScannedForEncodings = 0;
			knownRegions = (
				en,
				Base,
			);
			mainGroup = C140145A2984529E00ECDDC2;
			packageReferences = (
				C14014862985FC2200ECDDC2 /* XCRemoteSwiftPackageReference "Shift" */,
			);
			productRefGroup = C14014642984529E00ECDDC2 /* Products */;
			projectDirPath = "";
			projectRoot = "";
			targets = (
				C14014622984529E00ECDDC2 /* RemindersStatistics */,
			);
		};
/* End PBXProject section */

/* Begin PBXResourcesBuildPhase section */
		C14014612984529E00ECDDC2 /* Resources */ = {
			isa = PBXResourcesBuildPhase;
			buildActionMask = 2147483647;
			files = (
				C140146E2984529F00ECDDC2 /* Preview Assets.xcassets in Resources */,
				C140146B2984529F00ECDDC2 /* Assets.xcassets in Resources */,
			);
			runOnlyForDeploymentPostprocessing = 0;
		};
/* End PBXResourcesBuildPhase section */

/* Begin PBXSourcesBuildPhase section */
		C140145F2984529E00ECDDC2 /* Sources */ = {
			isa = PBXSourcesBuildPhase;
			buildActionMask = 2147483647;
			files = (
				C140147D2985C56D00ECDDC2 /* GeneralStatistics.swift in Sources */,
				C1DEFF50298AD726007F1E8B /* RemindersCalculation.swift in Sources */,
				C1C3A84329883273006C4D19 /* Reminders.xcdatamodeld in Sources */,
				C14014692984529E00ECDDC2 /* ContentView.swift in Sources */,
				C17AB13C2989D49800C126F9 /* Colors.swift in Sources */,
				C17AB1372989C40300C126F9 /* MyTextFieldStyle.swift in Sources */,
				C17AB13E2989DB1C00C126F9 /* ListOfAllProjects.swift in Sources */,
				C1DEFF4C298AC873007F1E8B /* ReminderDetail.swift in Sources */,
				C1C3A84729883688006C4D19 /* ProjectList.swift in Sources */,
				C1DEFF48298AC1BB007F1E8B /* ReminderStruct.swift in Sources */,
				C140147F2985C57D00ECDDC2 /* EspecificStatistics.swift in Sources */,
				C14014672984529E00ECDDC2 /* RemindersStatisticsApp.swift in Sources */,
				C1DEFF4E298AD069007F1E8B /* ActGroupHorizontal.swift in Sources */,
				C1DEFF4A298AC7FE007F1E8B /* AllRemindersList.swift in Sources */,
				C15395B629884EAD00B85532 /* NewProject.swift in Sources */,
				C1C3A845298833B3006C4D19 /* dataController.swift in Sources */,
				C1C3A84A29883A63006C4D19 /* ListCard.swift in Sources */,
				C15395B429884CA500B85532 /* NewReminder.swift in Sources */,
				C15395B12988483A00B85532 /* ActGroup.swift in Sources */,
				C17AB1392989D26200C126F9 /* ProjectSelection.swift in Sources */,
			);
			runOnlyForDeploymentPostprocessing = 0;
		};
/* End PBXSourcesBuildPhase section */

/* Begin XCBuildConfiguration section */
		C140146F2984529F00ECDDC2 /* Debug */ = {
			isa = XCBuildConfiguration;
			buildSettings = {
				ALWAYS_SEARCH_USER_PATHS = NO;
				CLANG_ANALYZER_NONNULL = YES;
				CLANG_ANALYZER_NUMBER_OBJECT_CONVERSION = YES_AGGRESSIVE;
				CLANG_CXX_LANGUAGE_STANDARD = "gnu++20";
				CLANG_ENABLE_MODULES = YES;
				CLANG_ENABLE_OBJC_ARC = YES;
				CLANG_ENABLE_OBJC_WEAK = YES;
				CLANG_WARN_BLOCK_CAPTURE_AUTORELEASING = YES;
				CLANG_WARN_BOOL_CONVERSION = YES;
				CLANG_WARN_COMMA = YES;
				CLANG_WARN_CONSTANT_CONVERSION = YES;
				CLANG_WARN_DEPRECATED_OBJC_IMPLEMENTATIONS = YES;
				CLANG_WARN_DIRECT_OBJC_ISA_USAGE = YES_ERROR;
				CLANG_WARN_DOCUMENTATION_COMMENTS = YES;
				CLANG_WARN_EMPTY_BODY = YES;
				CLANG_WARN_ENUM_CONVERSION = YES;
				CLANG_WARN_INFINITE_RECURSION = YES;
				CLANG_WARN_INT_CONVERSION = YES;
				CLANG_WARN_NON_LITERAL_NULL_CONVERSION = YES;
				CLANG_WARN_OBJC_IMPLICIT_RETAIN_SELF = YES;
				CLANG_WARN_OBJC_LITERAL_CONVERSION = YES;
				CLANG_WARN_OBJC_ROOT_CLASS = YES_ERROR;
				CLANG_WARN_QUOTED_INCLUDE_IN_FRAMEWORK_HEADER = YES;
				CLANG_WARN_RANGE_LOOP_ANALYSIS = YES;
				CLANG_WARN_STRICT_PROTOTYPES = YES;
				CLANG_WARN_SUSPICIOUS_MOVE = YES;
				CLANG_WARN_UNGUARDED_AVAILABILITY = YES_AGGRESSIVE;
				CLANG_WARN_UNREACHABLE_CODE = YES;
				CLANG_WARN__DUPLICATE_METHOD_MATCH = YES;
				COPY_PHASE_STRIP = NO;
				DEBUG_INFORMATION_FORMAT = dwarf;
				ENABLE_STRICT_OBJC_MSGSEND = YES;
				ENABLE_TESTABILITY = YES;
				GCC_C_LANGUAGE_STANDARD = gnu11;
				GCC_DYNAMIC_NO_PIC = NO;
				GCC_NO_COMMON_BLOCKS = YES;
				GCC_OPTIMIZATION_LEVEL = 0;
				GCC_PREPROCESSOR_DEFINITIONS = (
					"DEBUG=1",
					"$(inherited)",
				);
				GCC_WARN_64_TO_32_BIT_CONVERSION = YES;
				GCC_WARN_ABOUT_RETURN_TYPE = YES_ERROR;
				GCC_WARN_UNDECLARED_SELECTOR = YES;
				GCC_WARN_UNINITIALIZED_AUTOS = YES_AGGRESSIVE;
				GCC_WARN_UNUSED_FUNCTION = YES;
				GCC_WARN_UNUSED_VARIABLE = YES;
				IPHONEOS_DEPLOYMENT_TARGET = 16.2;
				MTL_ENABLE_DEBUG_INFO = INCLUDE_SOURCE;
				MTL_FAST_MATH = YES;
				ONLY_ACTIVE_ARCH = YES;
				SDKROOT = iphoneos;
				SWIFT_ACTIVE_COMPILATION_CONDITIONS = DEBUG;
				SWIFT_OPTIMIZATION_LEVEL = "-Onone";
			};
			name = Debug;
		};
		C14014702984529F00ECDDC2 /* Release */ = {
			isa = XCBuildConfiguration;
			buildSettings = {
				ALWAYS_SEARCH_USER_PATHS = NO;
				CLANG_ANALYZER_NONNULL = YES;
				CLANG_ANALYZER_NUMBER_OBJECT_CONVERSION = YES_AGGRESSIVE;
				CLANG_CXX_LANGUAGE_STANDARD = "gnu++20";
				CLANG_ENABLE_MODULES = YES;
				CLANG_ENABLE_OBJC_ARC = YES;
				CLANG_ENABLE_OBJC_WEAK = YES;
				CLANG_WARN_BLOCK_CAPTURE_AUTORELEASING = YES;
				CLANG_WARN_BOOL_CONVERSION = YES;
				CLANG_WARN_COMMA = YES;
				CLANG_WARN_CONSTANT_CONVERSION = YES;
				CLANG_WARN_DEPRECATED_OBJC_IMPLEMENTATIONS = YES;
				CLANG_WARN_DIRECT_OBJC_ISA_USAGE = YES_ERROR;
				CLANG_WARN_DOCUMENTATION_COMMENTS = YES;
				CLANG_WARN_EMPTY_BODY = YES;
				CLANG_WARN_ENUM_CONVERSION = YES;
				CLANG_WARN_INFINITE_RECURSION = YES;
				CLANG_WARN_INT_CONVERSION = YES;
				CLANG_WARN_NON_LITERAL_NULL_CONVERSION = YES;
				CLANG_WARN_OBJC_IMPLICIT_RETAIN_SELF = YES;
				CLANG_WARN_OBJC_LITERAL_CONVERSION = YES;
				CLANG_WARN_OBJC_ROOT_CLASS = YES_ERROR;
				CLANG_WARN_QUOTED_INCLUDE_IN_FRAMEWORK_HEADER = YES;
				CLANG_WARN_RANGE_LOOP_ANALYSIS = YES;
				CLANG_WARN_STRICT_PROTOTYPES = YES;
				CLANG_WARN_SUSPICIOUS_MOVE = YES;
				CLANG_WARN_UNGUARDED_AVAILABILITY = YES_AGGRESSIVE;
				CLANG_WARN_UNREACHABLE_CODE = YES;
				CLANG_WARN__DUPLICATE_METHOD_MATCH = YES;
				COPY_PHASE_STRIP = NO;
				DEBUG_INFORMATION_FORMAT = "dwarf-with-dsym";
				ENABLE_NS_ASSERTIONS = NO;
				ENABLE_STRICT_OBJC_MSGSEND = YES;
				GCC_C_LANGUAGE_STANDARD = gnu11;
				GCC_NO_COMMON_BLOCKS = YES;
				GCC_WARN_64_TO_32_BIT_CONVERSION = YES;
				GCC_WARN_ABOUT_RETURN_TYPE = YES_ERROR;
				GCC_WARN_UNDECLARED_SELECTOR = YES;
				GCC_WARN_UNINITIALIZED_AUTOS = YES_AGGRESSIVE;
				GCC_WARN_UNUSED_FUNCTION = YES;
				GCC_WARN_UNUSED_VARIABLE = YES;
				IPHONEOS_DEPLOYMENT_TARGET = 16.2;
				MTL_ENABLE_DEBUG_INFO = NO;
				MTL_FAST_MATH = YES;
				SDKROOT = iphoneos;
				SWIFT_COMPILATION_MODE = wholemodule;
				SWIFT_OPTIMIZATION_LEVEL = "-O";
				VALIDATE_PRODUCT = YES;
			};
			name = Release;
		};
		C14014722984529F00ECDDC2 /* Debug */ = {
			isa = XCBuildConfiguration;
			buildSettings = {
				ASSETCATALOG_COMPILER_APPICON_NAME = AppIcon;
				ASSETCATALOG_COMPILER_GLOBAL_ACCENT_COLOR_NAME = AccentColor;
				CODE_SIGN_STYLE = Automatic;
				CURRENT_PROJECT_VERSION = 1;
				DEVELOPMENT_ASSET_PATHS = "\"RemindersStatistics/Preview Content\"";
				DEVELOPMENT_TEAM = J385NJ2F59;
				ENABLE_PREVIEWS = YES;
				GENERATE_INFOPLIST_FILE = YES;
				INFOPLIST_FILE = RemindersStatistics/Info.plist;
				INFOPLIST_KEY_NSCalendarsUsageDescription = "Uso de dados para cálculo de estatísticas relativas aos lembretes";
				INFOPLIST_KEY_NSRemindersUsageDescription = "Uso de dados para cálculo de estatísticas";
				INFOPLIST_KEY_UIApplicationSupportsIndirectInputEvents = YES;
				INFOPLIST_KEY_UILaunchScreen_Generation = YES;
				INFOPLIST_KEY_UISupportedInterfaceOrientations_iPad = "UIInterfaceOrientationPortrait UIInterfaceOrientationPortraitUpsideDown UIInterfaceOrientationLandscapeLeft UIInterfaceOrientationLandscapeRight";
				INFOPLIST_KEY_UISupportedInterfaceOrientations_iPhone = "UIInterfaceOrientationPortrait UIInterfaceOrientationLandscapeLeft UIInterfaceOrientationLandscapeRight";
				IPHONEOS_DEPLOYMENT_TARGET = 16.0;
				LD_RUNPATH_SEARCH_PATHS = (
					"$(inherited)",
					"@executable_path/Frameworks",
				);
				MARKETING_VERSION = 1.0;
				PRODUCT_BUNDLE_IDENTIFIER = leaodebrito.RemindersStatistics;
				PRODUCT_NAME = "$(TARGET_NAME)";
				SWIFT_EMIT_LOC_STRINGS = YES;
				SWIFT_VERSION = 5.0;
				TARGETED_DEVICE_FAMILY = "1,2";
			};
			name = Debug;
		};
		C14014732984529F00ECDDC2 /* Release */ = {
			isa = XCBuildConfiguration;
			buildSettings = {
				ASSETCATALOG_COMPILER_APPICON_NAME = AppIcon;
				ASSETCATALOG_COMPILER_GLOBAL_ACCENT_COLOR_NAME = AccentColor;
				CODE_SIGN_STYLE = Automatic;
				CURRENT_PROJECT_VERSION = 1;
				DEVELOPMENT_ASSET_PATHS = "\"RemindersStatistics/Preview Content\"";
				DEVELOPMENT_TEAM = J385NJ2F59;
				ENABLE_PREVIEWS = YES;
				GENERATE_INFOPLIST_FILE = YES;
				INFOPLIST_FILE = RemindersStatistics/Info.plist;
				INFOPLIST_KEY_NSCalendarsUsageDescription = "Uso de dados para cálculo de estatísticas relativas aos lembretes";
				INFOPLIST_KEY_NSRemindersUsageDescription = "Uso de dados para cálculo de estatísticas";
				INFOPLIST_KEY_UIApplicationSupportsIndirectInputEvents = YES;
				INFOPLIST_KEY_UILaunchScreen_Generation = YES;
				INFOPLIST_KEY_UISupportedInterfaceOrientations_iPad = "UIInterfaceOrientationPortrait UIInterfaceOrientationPortraitUpsideDown UIInterfaceOrientationLandscapeLeft UIInterfaceOrientationLandscapeRight";
				INFOPLIST_KEY_UISupportedInterfaceOrientations_iPhone = "UIInterfaceOrientationPortrait UIInterfaceOrientationLandscapeLeft UIInterfaceOrientationLandscapeRight";
				IPHONEOS_DEPLOYMENT_TARGET = 16.0;
				LD_RUNPATH_SEARCH_PATHS = (
					"$(inherited)",
					"@executable_path/Frameworks",
				);
				MARKETING_VERSION = 1.0;
				PRODUCT_BUNDLE_IDENTIFIER = leaodebrito.RemindersStatistics;
				PRODUCT_NAME = "$(TARGET_NAME)";
				SWIFT_EMIT_LOC_STRINGS = YES;
				SWIFT_VERSION = 5.0;
				TARGETED_DEVICE_FAMILY = "1,2";
			};
			name = Release;
		};
/* End XCBuildConfiguration section */

/* Begin XCConfigurationList section */
		C140145E2984529E00ECDDC2 /* Build configuration list for PBXProject "RemindersStatistics" */ = {
			isa = XCConfigurationList;
			buildConfigurations = (
				C140146F2984529F00ECDDC2 /* Debug */,
				C14014702984529F00ECDDC2 /* Release */,
			);
			defaultConfigurationIsVisible = 0;
			defaultConfigurationName = Release;
		};
		C14014712984529F00ECDDC2 /* Build configuration list for PBXNativeTarget "RemindersStatistics" */ = {
			isa = XCConfigurationList;
			buildConfigurations = (
				C14014722984529F00ECDDC2 /* Debug */,
				C14014732984529F00ECDDC2 /* Release */,
			);
			defaultConfigurationIsVisible = 0;
			defaultConfigurationName = Release;
		};
/* End XCConfigurationList section */

/* Begin XCRemoteSwiftPackageReference section */
		C14014862985FC2200ECDDC2 /* XCRemoteSwiftPackageReference "Shift" */ = {
			isa = XCRemoteSwiftPackageReference;
			repositoryURL = "https://github.com/vinhnx/Shift";
			requirement = {
				kind = upToNextMajorVersion;
				minimumVersion = 0.9.0;
			};
		};
/* End XCRemoteSwiftPackageReference section */

/* Begin XCSwiftPackageProductDependency section */
		C14014872985FC2200ECDDC2 /* Shift */ = {
			isa = XCSwiftPackageProductDependency;
			package = C14014862985FC2200ECDDC2 /* XCRemoteSwiftPackageReference "Shift" */;
			productName = Shift;
		};
/* End XCSwiftPackageProductDependency section */

/* Begin XCVersionGroup section */
		C1C3A84129883273006C4D19 /* Reminders.xcdatamodeld */ = {
			isa = XCVersionGroup;
			children = (
				C1C3A84229883273006C4D19 /* Reminders.xcdatamodel */,
			);
			currentVersion = C1C3A84229883273006C4D19 /* Reminders.xcdatamodel */;
			path = Reminders.xcdatamodeld;
			sourceTree = "<group>";
			versionGroupType = wrapper.xcdatamodel;
		};
/* End XCVersionGroup section */
	};
	rootObject = C140145B2984529E00ECDDC2 /* Project object */;
}
